// !$*UTF8*$!
{
	archiveVersion = 1;
	classes = {
	};
	objectVersion = 60;
	objects = {

/* Begin PBXBuildFile section */
		1D1923B22C49C41C0043266F /* AreaCollectionViewCell.swift in Sources */ = {isa = PBXBuildFile; fileRef = 1D1923B12C49C41C0043266F /* AreaCollectionViewCell.swift */; };
		1D7E40E22C4A422D00325114 /* Location.swift in Sources */ = {isa = PBXBuildFile; fileRef = 1D7E40E12C4A422D00325114 /* Location.swift */; };
		1D8046592C4838BB0029B086 /* fishGoalVC.swift in Sources */ = {isa = PBXBuildFile; fileRef = 1D8046582C4838BB0029B086 /* fishGoalVC.swift */; };
		1D8B231A2C49755F003A970D /* HomepageViewModel.swift in Sources */ = {isa = PBXBuildFile; fileRef = 1D8B23192C49755F003A970D /* HomepageViewModel.swift */; };
		1D8B231D2C497682003A970D /* DamModel.swift in Sources */ = {isa = PBXBuildFile; fileRef = 1D8B231C2C497682003A970D /* DamModel.swift */; };
		1D8B231F2C497766003A970D /* Get.swift in Sources */ = {isa = PBXBuildFile; fileRef = 1D8B231E2C497766003A970D /* Get.swift */; };
		1DA1146A2C36B92D00AE038A /* FirebaseDatabase in Frameworks */ = {isa = PBXBuildFile; productRef = 1DA114692C36B92D00AE038A /* FirebaseDatabase */; };
		1DA1146C2C36B92D00AE038A /* FirebaseFirestore in Frameworks */ = {isa = PBXBuildFile; productRef = 1DA1146B2C36B92D00AE038A /* FirebaseFirestore */; };
		1DA1146E2C36B92D00AE038A /* FirebaseFirestoreSwift in Frameworks */ = {isa = PBXBuildFile; productRef = 1DA1146D2C36B92D00AE038A /* FirebaseFirestoreSwift */; };
		1DA114702C36B92D00AE038A /* FirebaseStorage in Frameworks */ = {isa = PBXBuildFile; productRef = 1DA1146F2C36B92D00AE038A /* FirebaseStorage */; };
		1DA114732C36B97900AE038A /* DGCharts in Frameworks */ = {isa = PBXBuildFile; productRef = 1DA114722C36B97900AE038A /* DGCharts */; };
		1DF09B622C36972200F0943D /* AppDelegate.swift in Sources */ = {isa = PBXBuildFile; fileRef = 1DF09B612C36972200F0943D /* AppDelegate.swift */; };
		1DF09B642C36972200F0943D /* SceneDelegate.swift in Sources */ = {isa = PBXBuildFile; fileRef = 1DF09B632C36972200F0943D /* SceneDelegate.swift */; };
		1DF09B662C36972200F0943D /* HomepageController.swift in Sources */ = {isa = PBXBuildFile; fileRef = 1DF09B652C36972200F0943D /* HomepageController.swift */; };
		1DF09B692C36972200F0943D /* Base in Resources */ = {isa = PBXBuildFile; fileRef = 1DF09B682C36972200F0943D /* Base */; };
		1DF09B6B2C36972400F0943D /* Assets.xcassets in Resources */ = {isa = PBXBuildFile; fileRef = 1DF09B6A2C36972400F0943D /* Assets.xcassets */; };
		1DF09B6E2C36972400F0943D /* Base in Resources */ = {isa = PBXBuildFile; fileRef = 1DF09B6D2C36972400F0943D /* Base */; };
		1DF09B7D2C36A14300F0943D /* DamCollectionViewCell.swift in Sources */ = {isa = PBXBuildFile; fileRef = 1DF09B7C2C36A14300F0943D /* DamCollectionViewCell.swift */; };
/* End PBXBuildFile section */

/* Begin PBXFileReference section */
		1D1923B12C49C41C0043266F /* AreaCollectionViewCell.swift */ = {isa = PBXFileReference; lastKnownFileType = sourcecode.swift; path = AreaCollectionViewCell.swift; sourceTree = "<group>"; };
		1D7E40E02C4A422500325114 /* Get.swift */ = {isa = PBXFileReference; lastKnownFileType = sourcecode.swift; path = Get.swift; sourceTree = "<group>"; };
		1D7E40E12C4A422D00325114 /* Location.swift */ = {isa = PBXFileReference; lastKnownFileType = sourcecode.swift; path = Location.swift; sourceTree = "<group>"; };
		1D8046582C4838BB0029B086 /* fishGoalVC.swift */ = {isa = PBXFileReference; lastKnownFileType = sourcecode.swift; path = fishGoalVC.swift; sourceTree = "<group>"; };
		1D8B23192C49755F003A970D /* HomepageViewModel.swift */ = {isa = PBXFileReference; lastKnownFileType = sourcecode.swift; path = HomepageViewModel.swift; sourceTree = "<group>"; };
		1D8B231C2C497682003A970D /* DamModel.swift */ = {isa = PBXFileReference; lastKnownFileType = sourcecode.swift; path = DamModel.swift; sourceTree = "<group>"; };
		1D8B231E2C497766003A970D /* Get.swift */ = {isa = PBXFileReference; lastKnownFileType = sourcecode.swift; name = Get.swift; path = ../../Get.swift; sourceTree = "<group>"; };
		1DF09B5E2C36972200F0943D /* FishingIstanbul.app */ = {isa = PBXFileReference; explicitFileType = wrapper.application; includeInIndex = 0; path = FishingIstanbul.app; sourceTree = BUILT_PRODUCTS_DIR; };
		1DF09B612C36972200F0943D /* AppDelegate.swift */ = {isa = PBXFileReference; lastKnownFileType = sourcecode.swift; path = AppDelegate.swift; sourceTree = "<group>"; };
		1DF09B632C36972200F0943D /* SceneDelegate.swift */ = {isa = PBXFileReference; lastKnownFileType = sourcecode.swift; path = SceneDelegate.swift; sourceTree = "<group>"; };
		1DF09B652C36972200F0943D /* HomepageController.swift */ = {isa = PBXFileReference; lastKnownFileType = sourcecode.swift; path = HomepageController.swift; sourceTree = "<group>"; };
		1DF09B682C36972200F0943D /* Base */ = {isa = PBXFileReference; lastKnownFileType = file.storyboard; name = Base; path = Base.lproj/Main.storyboard; sourceTree = "<group>"; };
		1DF09B6A2C36972400F0943D /* Assets.xcassets */ = {isa = PBXFileReference; lastKnownFileType = folder.assetcatalog; path = Assets.xcassets; sourceTree = "<group>"; };
		1DF09B6D2C36972400F0943D /* Base */ = {isa = PBXFileReference; lastKnownFileType = file.storyboard; name = Base; path = Base.lproj/LaunchScreen.storyboard; sourceTree = "<group>"; };
		1DF09B6F2C36972400F0943D /* Info.plist */ = {isa = PBXFileReference; lastKnownFileType = text.plist.xml; path = Info.plist; sourceTree = "<group>"; };
		1DF09B7C2C36A14300F0943D /* DamCollectionViewCell.swift */ = {isa = PBXFileReference; lastKnownFileType = sourcecode.swift; path = DamCollectionViewCell.swift; sourceTree = "<group>"; };
/* End PBXFileReference section */

/* Begin PBXFrameworksBuildPhase section */
		1DF09B5B2C36972200F0943D /* Frameworks */ = {
			isa = PBXFrameworksBuildPhase;
			buildActionMask = 2147483647;
			files = (
				1DA1146A2C36B92D00AE038A /* FirebaseDatabase in Frameworks */,
				1DA114702C36B92D00AE038A /* FirebaseStorage in Frameworks */,
				1DA114732C36B97900AE038A /* DGCharts in Frameworks */,
				1DA1146C2C36B92D00AE038A /* FirebaseFirestore in Frameworks */,
				1DA1146E2C36B92D00AE038A /* FirebaseFirestoreSwift in Frameworks */,
			);
			runOnlyForDeploymentPostprocessing = 0;
		};
/* End PBXFrameworksBuildPhase section */

/* Begin PBXGroup section */
		1D7E40DF2C4A421B00325114 /* Service */ = {
			isa = PBXGroup;
			children = (
				1D7E40E02C4A422500325114 /* Get.swift */,
				1D7E40E12C4A422D00325114 /* Location.swift */,
			);
			path = Service;
			sourceTree = "<group>";
		};
		1D8B23172C497536003A970D /* ViewModel */ = {
			isa = PBXGroup;
			children = (
				1D8B23192C49755F003A970D /* HomepageViewModel.swift */,
			);
			path = ViewModel;
			sourceTree = "<group>";
		};
		1D8B23182C497541003A970D /* Controller */ = {
			isa = PBXGroup;
			children = (
				1DF09B652C36972200F0943D /* HomepageController.swift */,
			);
			path = Controller;
			sourceTree = "<group>";
		};
		1D8B231B2C497678003A970D /* Model */ = {
			isa = PBXGroup;
			children = (
				1D8B231C2C497682003A970D /* DamModel.swift */,
			);
			path = Model;
			sourceTree = "<group>";
		};
		1DF09B552C36972200F0943D = {
			isa = PBXGroup;
			children = (
				1DF09B602C36972200F0943D /* FishingIstanbul */,
				1DF09B5F2C36972200F0943D /* Products */,
			);
			sourceTree = "<group>";
		};
		1DF09B5F2C36972200F0943D /* Products */ = {
			isa = PBXGroup;
			children = (
				1DF09B5E2C36972200F0943D /* FishingIstanbul.app */,
			);
			name = Products;
			sourceTree = "<group>";
		};
		1DF09B602C36972200F0943D /* FishingIstanbul */ = {
			isa = PBXGroup;
			children = (
				1D7E40DF2C4A421B00325114 /* Service */,
				1D8B231B2C497678003A970D /* Model */,
				1D8B23182C497541003A970D /* Controller */,
				1D8B23172C497536003A970D /* ViewModel */,
				1DF09B612C36972200F0943D /* AppDelegate.swift */,
				1DF09B632C36972200F0943D /* SceneDelegate.swift */,
				1D8046582C4838BB0029B086 /* fishGoalVC.swift */,
				1DF09B672C36972200F0943D /* Main.storyboard */,
				1D1923B12C49C41C0043266F /* AreaCollectionViewCell.swift */,
				1DF09B6A2C36972400F0943D /* Assets.xcassets */,
				1DF09B6C2C36972400F0943D /* LaunchScreen.storyboard */,
				1DF09B6F2C36972400F0943D /* Info.plist */,
				1DF09B7C2C36A14300F0943D /* DamCollectionViewCell.swift */,
				1D8B231E2C497766003A970D /* Get.swift */,
			);
			path = FishingIstanbul;
			sourceTree = "<group>";
		};
/* End PBXGroup section */

/* Begin PBXNativeTarget section */
		1DF09B5D2C36972200F0943D /* FishingIstanbul */ = {
			isa = PBXNativeTarget;
			buildConfigurationList = 1DF09B722C36972400F0943D /* Build configuration list for PBXNativeTarget "FishingIstanbul" */;
			buildPhases = (
				1DF09B5A2C36972200F0943D /* Sources */,
				1DF09B5B2C36972200F0943D /* Frameworks */,
				1DF09B5C2C36972200F0943D /* Resources */,
			);
			buildRules = (
			);
			dependencies = (
			);
			name = FishingIstanbul;
			packageProductDependencies = (
				1DA114692C36B92D00AE038A /* FirebaseDatabase */,
				1DA1146B2C36B92D00AE038A /* FirebaseFirestore */,
				1DA1146D2C36B92D00AE038A /* FirebaseFirestoreSwift */,
				1DA1146F2C36B92D00AE038A /* FirebaseStorage */,
				1DA114722C36B97900AE038A /* DGCharts */,
			);
			productName = FishingIstanbul;
			productReference = 1DF09B5E2C36972200F0943D /* FishingIstanbul.app */;
			productType = "com.apple.product-type.application";
		};
/* End PBXNativeTarget section */

/* Begin PBXProject section */
		1DF09B562C36972200F0943D /* Project object */ = {
			isa = PBXProject;
			attributes = {
				BuildIndependentTargetsInParallel = 1;
				LastSwiftUpdateCheck = 1600;
				LastUpgradeCheck = 1600;
				TargetAttributes = {
					1DF09B5D2C36972200F0943D = {
						CreatedOnToolsVersion = 16.0;
					};
				};
			};
			buildConfigurationList = 1DF09B592C36972200F0943D /* Build configuration list for PBXProject "FishingIstanbul" */;
			compatibilityVersion = "Xcode 15.0";
			developmentRegion = en;
			hasScannedForEncodings = 0;
			knownRegions = (
				en,
				Base,
			);
			mainGroup = 1DF09B552C36972200F0943D;
			packageReferences = (
				1DA114682C36B92C00AE038A /* XCRemoteSwiftPackageReference "firebase-ios-sdk" */,
				1DA114712C36B97900AE038A /* XCRemoteSwiftPackageReference "Charts" */,
			);
			productRefGroup = 1DF09B5F2C36972200F0943D /* Products */;
			projectDirPath = "";
			projectRoot = "";
			targets = (
				1DF09B5D2C36972200F0943D /* FishingIstanbul */,
			);
		};
/* End PBXProject section */

/* Begin PBXResourcesBuildPhase section */
		1DF09B5C2C36972200F0943D /* Resources */ = {
			isa = PBXResourcesBuildPhase;
			buildActionMask = 2147483647;
			files = (
				1DF09B6B2C36972400F0943D /* Assets.xcassets in Resources */,
				1DF09B6E2C36972400F0943D /* Base in Resources */,
				1DF09B692C36972200F0943D /* Base in Resources */,
			);
			runOnlyForDeploymentPostprocessing = 0;
		};
/* End PBXResourcesBuildPhase section */

/* Begin PBXSourcesBuildPhase section */
		1DF09B5A2C36972200F0943D /* Sources */ = {
			isa = PBXSourcesBuildPhase;
			buildActionMask = 2147483647;
			files = (
				1D8046592C4838BB0029B086 /* fishGoalVC.swift in Sources */,
				1DF09B662C36972200F0943D /* HomepageController.swift in Sources */,
				1D7E40E22C4A422D00325114 /* Location.swift in Sources */,
				1DF09B622C36972200F0943D /* AppDelegate.swift in Sources */,
				1DF09B642C36972200F0943D /* SceneDelegate.swift in Sources */,
				1D8B231F2C497766003A970D /* Get.swift in Sources */,
				1D8B231A2C49755F003A970D /* HomepageViewModel.swift in Sources */,
				1D1923B22C49C41C0043266F /* AreaCollectionViewCell.swift in Sources */,
				1D8B231D2C497682003A970D /* DamModel.swift in Sources */,
				1DF09B7D2C36A14300F0943D /* DamCollectionViewCell.swift in Sources */,
			);
			runOnlyForDeploymentPostprocessing = 0;
		};
/* End PBXSourcesBuildPhase section */

/* Begin PBXVariantGroup section */
		1DF09B672C36972200F0943D /* Main.storyboard */ = {
			isa = PBXVariantGroup;
			children = (
				1DF09B682C36972200F0943D /* Base */,
			);
			name = Main.storyboard;
			sourceTree = "<group>";
		};
		1DF09B6C2C36972400F0943D /* LaunchScreen.storyboard */ = {
			isa = PBXVariantGroup;
			children = (
				1DF09B6D2C36972400F0943D /* Base */,
			);
			name = LaunchScreen.storyboard;
			sourceTree = "<group>";
		};
/* End PBXVariantGroup section */

/* Begin XCBuildConfiguration section */
		1DF09B702C36972400F0943D /* Debug */ = {
			isa = XCBuildConfiguration;
			buildSettings = {
				ALWAYS_SEARCH_USER_PATHS = NO;
				ASSETCATALOG_COMPILER_GENERATE_SWIFT_ASSET_SYMBOL_EXTENSIONS = YES;
				CLANG_ANALYZER_NONNULL = YES;
				CLANG_ANALYZER_NUMBER_OBJECT_CONVERSION = YES_AGGRESSIVE;
				CLANG_CXX_LANGUAGE_STANDARD = "gnu++20";
				CLANG_ENABLE_MODULES = YES;
				CLANG_ENABLE_OBJC_ARC = YES;
				CLANG_ENABLE_OBJC_WEAK = YES;
				CLANG_WARN_BLOCK_CAPTURE_AUTORELEASING = YES;
				CLANG_WARN_BOOL_CONVERSION = YES;
				CLANG_WARN_COMMA = YES;
				CLANG_WARN_CONSTANT_CONVERSION = YES;
				CLANG_WARN_DEPRECATED_OBJC_IMPLEMENTATIONS = YES;
				CLANG_WARN_DIRECT_OBJC_ISA_USAGE = YES_ERROR;
				CLANG_WARN_DOCUMENTATION_COMMENTS = YES;
				CLANG_WARN_EMPTY_BODY = YES;
				CLANG_WARN_ENUM_CONVERSION = YES;
				CLANG_WARN_INFINITE_RECURSION = YES;
				CLANG_WARN_INT_CONVERSION = YES;
				CLANG_WARN_NON_LITERAL_NULL_CONVERSION = YES;
				CLANG_WARN_OBJC_IMPLICIT_RETAIN_SELF = YES;
				CLANG_WARN_OBJC_LITERAL_CONVERSION = YES;
				CLANG_WARN_OBJC_ROOT_CLASS = YES_ERROR;
				CLANG_WARN_QUOTED_INCLUDE_IN_FRAMEWORK_HEADER = YES;
				CLANG_WARN_RANGE_LOOP_ANALYSIS = YES;
				CLANG_WARN_STRICT_PROTOTYPES = YES;
				CLANG_WARN_SUSPICIOUS_MOVE = YES;
				CLANG_WARN_UNGUARDED_AVAILABILITY = YES_AGGRESSIVE;
				CLANG_WARN_UNREACHABLE_CODE = YES;
				CLANG_WARN__DUPLICATE_METHOD_MATCH = YES;
				COPY_PHASE_STRIP = NO;
				DEBUG_INFORMATION_FORMAT = dwarf;
				ENABLE_STRICT_OBJC_MSGSEND = YES;
				ENABLE_TESTABILITY = YES;
				ENABLE_USER_SCRIPT_SANDBOXING = YES;
				GCC_C_LANGUAGE_STANDARD = gnu17;
				GCC_DYNAMIC_NO_PIC = NO;
				GCC_NO_COMMON_BLOCKS = YES;
				GCC_OPTIMIZATION_LEVEL = 0;
				GCC_PREPROCESSOR_DEFINITIONS = (
					"DEBUG=1",
					"$(inherited)",
				);
				GCC_WARN_64_TO_32_BIT_CONVERSION = YES;
				GCC_WARN_ABOUT_RETURN_TYPE = YES_ERROR;
				GCC_WARN_UNDECLARED_SELECTOR = YES;
				GCC_WARN_UNINITIALIZED_AUTOS = YES_AGGRESSIVE;
				GCC_WARN_UNUSED_FUNCTION = YES;
				GCC_WARN_UNUSED_VARIABLE = YES;
				IPHONEOS_DEPLOYMENT_TARGET = 18.0;
				LOCALIZATION_PREFERS_STRING_CATALOGS = YES;
				MTL_ENABLE_DEBUG_INFO = INCLUDE_SOURCE;
				MTL_FAST_MATH = YES;
				ONLY_ACTIVE_ARCH = YES;
				SDKROOT = iphoneos;
				SWIFT_ACTIVE_COMPILATION_CONDITIONS = "DEBUG $(inherited)";
				SWIFT_OPTIMIZATION_LEVEL = "-Onone";
			};
			name = Debug;
		};
		1DF09B712C36972400F0943D /* Release */ = {
			isa = XCBuildConfiguration;
			buildSettings = {
				ALWAYS_SEARCH_USER_PATHS = NO;
				ASSETCATALOG_COMPILER_GENERATE_SWIFT_ASSET_SYMBOL_EXTENSIONS = YES;
				CLANG_ANALYZER_NONNULL = YES;
				CLANG_ANALYZER_NUMBER_OBJECT_CONVERSION = YES_AGGRESSIVE;
				CLANG_CXX_LANGUAGE_STANDARD = "gnu++20";
				CLANG_ENABLE_MODULES = YES;
				CLANG_ENABLE_OBJC_ARC = YES;
				CLANG_ENABLE_OBJC_WEAK = YES;
				CLANG_WARN_BLOCK_CAPTURE_AUTORELEASING = YES;
				CLANG_WARN_BOOL_CONVERSION = YES;
				CLANG_WARN_COMMA = YES;
				CLANG_WARN_CONSTANT_CONVERSION = YES;
				CLANG_WARN_DEPRECATED_OBJC_IMPLEMENTATIONS = YES;
				CLANG_WARN_DIRECT_OBJC_ISA_USAGE = YES_ERROR;
				CLANG_WARN_DOCUMENTATION_COMMENTS = YES;
				CLANG_WARN_EMPTY_BODY = YES;
				CLANG_WARN_ENUM_CONVERSION = YES;
				CLANG_WARN_INFINITE_RECURSION = YES;
				CLANG_WARN_INT_CONVERSION = YES;
				CLANG_WARN_NON_LITERAL_NULL_CONVERSION = YES;
				CLANG_WARN_OBJC_IMPLICIT_RETAIN_SELF = YES;
				CLANG_WARN_OBJC_LITERAL_CONVERSION = YES;
				CLANG_WARN_OBJC_ROOT_CLASS = YES_ERROR;
				CLANG_WARN_QUOTED_INCLUDE_IN_FRAMEWORK_HEADER = YES;
				CLANG_WARN_RANGE_LOOP_ANALYSIS = YES;
				CLANG_WARN_STRICT_PROTOTYPES = YES;
				CLANG_WARN_SUSPICIOUS_MOVE = YES;
				CLANG_WARN_UNGUARDED_AVAILABILITY = YES_AGGRESSIVE;
				CLANG_WARN_UNREACHABLE_CODE = YES;
				CLANG_WARN__DUPLICATE_METHOD_MATCH = YES;
				COPY_PHASE_STRIP = NO;
				DEBUG_INFORMATION_FORMAT = "dwarf-with-dsym";
				ENABLE_NS_ASSERTIONS = NO;
				ENABLE_STRICT_OBJC_MSGSEND = YES;
				ENABLE_USER_SCRIPT_SANDBOXING = YES;
				GCC_C_LANGUAGE_STANDARD = gnu17;
				GCC_NO_COMMON_BLOCKS = YES;
				GCC_WARN_64_TO_32_BIT_CONVERSION = YES;
				GCC_WARN_ABOUT_RETURN_TYPE = YES_ERROR;
				GCC_WARN_UNDECLARED_SELECTOR = YES;
				GCC_WARN_UNINITIALIZED_AUTOS = YES_AGGRESSIVE;
				GCC_WARN_UNUSED_FUNCTION = YES;
				GCC_WARN_UNUSED_VARIABLE = YES;
				IPHONEOS_DEPLOYMENT_TARGET = 18.0;
				LOCALIZATION_PREFERS_STRING_CATALOGS = YES;
				MTL_ENABLE_DEBUG_INFO = NO;
				MTL_FAST_MATH = YES;
				SDKROOT = iphoneos;
				SWIFT_COMPILATION_MODE = wholemodule;
				VALIDATE_PRODUCT = YES;
			};
			name = Release;
		};
		1DF09B732C36972400F0943D /* Debug */ = {
			isa = XCBuildConfiguration;
			buildSettings = {
				ASSETCATALOG_COMPILER_APPICON_NAME = AppIcon;
				ASSETCATALOG_COMPILER_GLOBAL_ACCENT_COLOR_NAME = AccentColor;
				CODE_SIGN_STYLE = Automatic;
				CURRENT_PROJECT_VERSION = 1;
				DEVELOPMENT_TEAM = 4NVD8GK9BF;
				GENERATE_INFOPLIST_FILE = YES;
				INFOPLIST_FILE = FishingIstanbul/Info.plist;
				INFOPLIST_KEY_UIApplicationSupportsIndirectInputEvents = YES;
				INFOPLIST_KEY_UILaunchStoryboardName = LaunchScreen;
				INFOPLIST_KEY_UIMainStoryboardFile = Main;
				INFOPLIST_KEY_UISupportedInterfaceOrientations_iPad = "UIInterfaceOrientationPortrait UIInterfaceOrientationPortraitUpsideDown UIInterfaceOrientationLandscapeLeft UIInterfaceOrientationLandscapeRight";
				INFOPLIST_KEY_UISupportedInterfaceOrientations_iPhone = "UIInterfaceOrientationPortrait UIInterfaceOrientationLandscapeLeft UIInterfaceOrientationLandscapeRight";
				IPHONEOS_DEPLOYMENT_TARGET = 17.5;
				LD_RUNPATH_SEARCH_PATHS = (
					"$(inherited)",
					"@executable_path/Frameworks",
				);
				MARKETING_VERSION = 1.0;
				PRODUCT_BUNDLE_IDENTIFIER = com.emiraksu.FishingIstanbul;
				PRODUCT_NAME = "$(TARGET_NAME)";
				SWIFT_EMIT_LOC_STRINGS = YES;
				SWIFT_VERSION = 5.0;
				TARGETED_DEVICE_FAMILY = "1,2";
			};
			name = Debug;
		};
		1DF09B742C36972400F0943D /* Release */ = {
			isa = XCBuildConfiguration;
			buildSettings = {
				ASSETCATALOG_COMPILER_APPICON_NAME = AppIcon;
				ASSETCATALOG_COMPILER_GLOBAL_ACCENT_COLOR_NAME = AccentColor;
				CODE_SIGN_STYLE = Automatic;
				CURRENT_PROJECT_VERSION = 1;
				DEVELOPMENT_TEAM = 4NVD8GK9BF;
				GENERATE_INFOPLIST_FILE = YES;
				INFOPLIST_FILE = FishingIstanbul/Info.plist;
				INFOPLIST_KEY_UIApplicationSupportsIndirectInputEvents = YES;
				INFOPLIST_KEY_UILaunchStoryboardName = LaunchScreen;
				INFOPLIST_KEY_UIMainStoryboardFile = Main;
				INFOPLIST_KEY_UISupportedInterfaceOrientations_iPad = "UIInterfaceOrientationPortrait UIInterfaceOrientationPortraitUpsideDown UIInterfaceOrientationLandscapeLeft UIInterfaceOrientationLandscapeRight";
				INFOPLIST_KEY_UISupportedInterfaceOrientations_iPhone = "UIInterfaceOrientationPortrait UIInterfaceOrientationLandscapeLeft UIInterfaceOrientationLandscapeRight";
				IPHONEOS_DEPLOYMENT_TARGET = 17.5;
				LD_RUNPATH_SEARCH_PATHS = (
					"$(inherited)",
					"@executable_path/Frameworks",
				);
				MARKETING_VERSION = 1.0;
				PRODUCT_BUNDLE_IDENTIFIER = com.emiraksu.FishingIstanbul;
				PRODUCT_NAME = "$(TARGET_NAME)";
				SWIFT_EMIT_LOC_STRINGS = YES;
				SWIFT_VERSION = 5.0;
				TARGETED_DEVICE_FAMILY = "1,2";
			};
			name = Release;
		};
/* End XCBuildConfiguration section */

/* Begin XCConfigurationList section */
		1DF09B592C36972200F0943D /* Build configuration list for PBXProject "FishingIstanbul" */ = {
			isa = XCConfigurationList;
			buildConfigurations = (
				1DF09B702C36972400F0943D /* Debug */,
				1DF09B712C36972400F0943D /* Release */,
			);
			defaultConfigurationIsVisible = 0;
			defaultConfigurationName = Release;
		};
		1DF09B722C36972400F0943D /* Build configuration list for PBXNativeTarget "FishingIstanbul" */ = {
			isa = XCConfigurationList;
			buildConfigurations = (
				1DF09B732C36972400F0943D /* Debug */,
				1DF09B742C36972400F0943D /* Release */,
			);
			defaultConfigurationIsVisible = 0;
			defaultConfigurationName = Release;
		};
/* End XCConfigurationList section */

/* Begin XCRemoteSwiftPackageReference section */
		1DA114682C36B92C00AE038A /* XCRemoteSwiftPackageReference "firebase-ios-sdk" */ = {
			isa = XCRemoteSwiftPackageReference;
			repositoryURL = "https://github.com/firebase/firebase-ios-sdk";
			requirement = {
				kind = upToNextMajorVersion;
				minimumVersion = 10.28.1;
			};
		};
		1DA114712C36B97900AE038A /* XCRemoteSwiftPackageReference "Charts" */ = {
			isa = XCRemoteSwiftPackageReference;
			repositoryURL = "https://github.com/ChartsOrg/Charts";
			requirement = {
				kind = upToNextMajorVersion;
				minimumVersion = 5.1.0;
			};
		};
/* End XCRemoteSwiftPackageReference section */

/* Begin XCSwiftPackageProductDependency section */
		1DA114692C36B92D00AE038A /* FirebaseDatabase */ = {
			isa = XCSwiftPackageProductDependency;
			package = 1DA114682C36B92C00AE038A /* XCRemoteSwiftPackageReference "firebase-ios-sdk" */;
			productName = FirebaseDatabase;
		};
		1DA1146B2C36B92D00AE038A /* FirebaseFirestore */ = {
			isa = XCSwiftPackageProductDependency;
			package = 1DA114682C36B92C00AE038A /* XCRemoteSwiftPackageReference "firebase-ios-sdk" */;
			productName = FirebaseFirestore;
		};
		1DA1146D2C36B92D00AE038A /* FirebaseFirestoreSwift */ = {
			isa = XCSwiftPackageProductDependency;
			package = 1DA114682C36B92C00AE038A /* XCRemoteSwiftPackageReference "firebase-ios-sdk" */;
			productName = FirebaseFirestoreSwift;
		};
		1DA1146F2C36B92D00AE038A /* FirebaseStorage */ = {
			isa = XCSwiftPackageProductDependency;
			package = 1DA114682C36B92C00AE038A /* XCRemoteSwiftPackageReference "firebase-ios-sdk" */;
			productName = FirebaseStorage;
		};
		1DA114722C36B97900AE038A /* DGCharts */ = {
			isa = XCSwiftPackageProductDependency;
			package = 1DA114712C36B97900AE038A /* XCRemoteSwiftPackageReference "Charts" */;
			productName = DGCharts;
		};
/* End XCSwiftPackageProductDependency section */
	};
	rootObject = 1DF09B562C36972200F0943D /* Project object */;
}
